<?xml version="1.0" encoding="utf-8"?>
<Project ToolsVersion="4.0" xmlns="http://schemas.microsoft.com/developer/msbuild/2003">
  <ItemGroup>
    <Filter Include="File di origine">
      <UniqueIdentifier>{4FC737F1-C7A5-4376-A066-2A32D752A2FF}</UniqueIdentifier>
      <Extensions>cpp;c;cc;cxx;def;odl;idl;hpj;bat;asm;asmx</Extensions>
    </Filter>
    <Filter Include="File di intestazione">
      <UniqueIdentifier>{93995380-89BD-4b04-88EB-625FBE52EBFB}</UniqueIdentifier>
      <Extensions>h;hh;hpp;hxx;hm;inl;inc;xsd</Extensions>
    </Filter>
    <Filter Include="File di risorse">
      <UniqueIdentifier>{67DA6AB6-F800-4c08-8B7A-83BB121AAD01}</UniqueIdentifier>
      <Extensions>rc;ico;cur;bmp;dlg;rc2;rct;bin;rgs;gif;jpg;jpeg;jpe;resx;tiff;tif;png;wav;mfcribbon-ms</Extensions>
    </Filter>
    <Filter Include="Apple">
      <UniqueIdentifier>{67149d4a-bbaa-4ad6-acea-2643d2e71219}</UniqueIdentifier>
    </Filter>
  </ItemGroup>
  <ItemGroup>
    <None Include="ClassDiagram.cd">
      <Filter>File di risorse</Filter>
    </None>
    <None Include="README.md" />
    <None Include="SECURITY.md" />
    <None Include=".gitignore" />
    <None Include="Makefile" />
    <None Include="src\username" />
    <None Include="LICENSE" />
    <None Include="vendor\temp\arabica\vs2013+\Arabica.sln" />
    <None Include=".gitmodules" />
  </ItemGroup>
  <ItemGroup>
    <Image Include="img\icon.bmp">
      <Filter>File di risorse</Filter>
    </Image>
    <Image Include="img\heads\red.bmp">
      <Filter>File di risorse</Filter>
    </Image>
  </ItemGroup>
  <ItemGroup>
    <Font Include="Font\arial.ttf" />
  </ItemGroup>
  <ItemGroup>
    <ClCompile Include="src\Apple.cpp">
      <Filter>File di origine</Filter>
    </ClCompile>
    <ClCompile Include="src\main.cpp">
      <Filter>File di origine</Filter>
    </ClCompile>
    <ClCompile Include="src\Points.cpp">
      <Filter>File di origine</Filter>
    </ClCompile>
    <ClCompile Include="src\RenderHead.cpp">
      <Filter>File di origine</Filter>
    </ClCompile>
    <ClCompile Include="src\Version.cpp">
      <Filter>File di origine</Filter>
    </ClCompile>
    <ClCompile Include="src\net\connection.cpp">
      <Filter>File di origine</Filter>
    </ClCompile>
    <ClCompile Include="src\jsonParser\SavedData.cpp">
      <Filter>File di origine</Filter>
    </ClCompile>
    <ClCompile Include="src\imgui\imgui-SFML.cpp">
      <Filter>File di origine</Filter>
    </ClCompile>
    <ClCompile Include="src\imgui\imgui.cpp">
      <Filter>File di origine</Filter>
    </ClCompile>
    <ClCompile Include="src\imgui\imgui_demo.cpp">
      <Filter>File di origine</Filter>
    </ClCompile>
    <ClCompile Include="src\imgui\imgui_draw.cpp">
      <Filter>File di origine</Filter>
    </ClCompile>
    <ClCompile Include="src\imgui\imgui_widgets.cpp">
      <Filter>File di origine</Filter>
    </ClCompile>
    <ClCompile Include="vendor\loguru\loguru.cpp">
      <Filter>File di origine</Filter>
    </ClCompile>
    <ClCompile Include="src\Snake.cpp">
      <Filter>File di origine</Filter>
    </ClCompile>
  </ItemGroup>
  <ItemGroup>
    <ClInclude Include="src\Apple.h">
      <Filter>File di intestazione</Filter>
    </ClInclude>
    <ClInclude Include="src\firstLaunch.h">
      <Filter>File di intestazione</Filter>
    </ClInclude>
    <ClInclude Include="src\Points.h">
      <Filter>File di intestazione</Filter>
    </ClInclude>
    <ClInclude Include="src\RenderHead.h">
      <Filter>File di intestazione</Filter>
    </ClInclude>
    <ClInclude Include="src\strings.h">
      <Filter>File di intestazione</Filter>
    </ClInclude>
    <ClInclude Include="src\user.h">
      <Filter>File di intestazione</Filter>
    </ClInclude>
    <ClInclude Include="src\Version.h">
      <Filter>File di intestazione</Filter>
    </ClInclude>
    <ClInclude Include="src\net\connection.h">
      <Filter>File di intestazione</Filter>
    </ClInclude>
    <ClInclude Include="src\strings\strings_linux.h">
      <Filter>File di intestazione</Filter>
    </ClInclude>
    <ClInclude Include="src\strings\strings_win.h">
      <Filter>File di intestazione</Filter>
    </ClInclude>
    <ClInclude Include="vendor\rapidxml\rapidxml_iterators.hpp">
      <Filter>File di intestazione</Filter>
    </ClInclude>
    <ClInclude Include="vendor\rapidxml\rapidxml_print.hpp">
      <Filter>File di intestazione</Filter>
    </ClInclude>
    <ClInclude Include="vendor\rapidxml\rapidxml_utils.hpp">
      <Filter>File di intestazione</Filter>
    </ClInclude>
    <ClInclude Include="vendor\rapidxml\rapidxml.hpp">
      <Filter>File di intestazione</Filter>
    </ClInclude>
    <ClInclude Include="vendor\tinyxml\include\tinyxml\tinystr.h">
      <Filter>File di intestazione</Filter>
    </ClInclude>
    <ClInclude Include="vendor\tinyxml\include\tinyxml\tinyxml.h">
      <Filter>File di intestazione</Filter>
    </ClInclude>
    <ClInclude Include="src\jsonParser\SavedData.h">
      <Filter>File di intestazione</Filter>
    </ClInclude>
    <ClInclude Include="src\imgui\imconfig-SFML.h">
      <Filter>File di intestazione</Filter>
    </ClInclude>
    <ClInclude Include="src\imgui\imgui-SFML.h">
      <Filter>File di intestazione</Filter>
    </ClInclude>
    <ClInclude Include="src\imgui\imgui-SFML_export.h">
      <Filter>File di intestazione</Filter>
    </ClInclude>
    <ClInclude Include="src\imgui\imconfig.h">
      <Filter>File di intestazione</Filter>
    </ClInclude>
    <ClInclude Include="src\imgui\imgui.h">
      <Filter>File di intestazione</Filter>
    </ClInclude>
    <ClInclude Include="src\imgui\imgui_internal.h">
      <Filter>File di intestazione</Filter>
    </ClInclude>
    <ClInclude Include="src\imgui\imstb_rectpack.h">
      <Filter>File di intestazione</Filter>
    </ClInclude>
    <ClInclude Include="src\imgui\imstb_textedit.h">
      <Filter>File di intestazione</Filter>
    </ClInclude>
    <ClInclude Include="src\imgui\imstb_truetype.h">
      <Filter>File di intestazione</Filter>
    </ClInclude>
    <ClInclude Include="src\gameThread.h">
      <Filter>File di intestazione</Filter>
    </ClInclude>
    <ClInclude Include="src\Snake.h">
      <Filter>File di intestazione</Filter>
    </ClInclude>
  </ItemGroup>
</Project>